{
  "name": "prayup_master",
  "lockfileVersion": 2,
  "requires": true,
  "packages": {
    "": {
      "dependencies": {
        "prettier-plugin-css-order": "^1.1.0"
      }
    },
    "node_modules/css-declaration-sorter": {
      "version": "6.2.2",
      "resolved": "https://registry.npmjs.org/css-declaration-sorter/-/css-declaration-sorter-6.2.2.tgz",
      "integrity": "sha512-Ufadglr88ZLsrvS11gjeu/40Lw74D9Am/Jpr3LlYm5Q4ZP5KdlUhG+6u2EjyXeZcxmZ2h1ebCKngDjolpeLHpg==",
      "engines": {
        "node": "^10 || ^12 || >=14"
      },
      "peerDependencies": {
        "postcss": "^8.0.9"
      }
    },
    "node_modules/nanoid": {
      "version": "3.3.2",
      "resolved": "https://registry.npmjs.org/nanoid/-/nanoid-3.3.2.tgz",
      "integrity": "sha512-CuHBogktKwpm5g2sRgv83jEy2ijFzBwMoYA60orPDR7ynsLijJDqgsi4RDGj3OJpy3Ieb+LYwiRmIOGyytgITA==",
      "peer": true,
      "bin": {
        "nanoid": "bin/nanoid.cjs"
      },
      "engines": {
        "node": "^10 || ^12 || ^13.7 || ^14 || >=15.0.1"
      }
    },
    "node_modules/picocolors": {
      "version": "1.0.0",
      "resolved": "https://registry.npmjs.org/picocolors/-/picocolors-1.0.0.tgz",
      "integrity": "sha512-1fygroTLlHu66zi26VoTDv8yRgm0Fccecssto+MhsZ0D/DGW2sm8E8AjW7NU5VVTRt5GxbeZ5qBuJr+HyLYkjQ==",
      "peer": true
    },
    "node_modules/postcss": {
      "version": "8.4.12",
      "resolved": "https://registry.npmjs.org/postcss/-/postcss-8.4.12.tgz",
      "integrity": "sha512-lg6eITwYe9v6Hr5CncVbK70SoioNQIq81nsaG86ev5hAidQvmOeETBqs7jm43K2F5/Ley3ytDtriImV6TpNiSg==",
      "funding": [
        {
          "type": "opencollective",
          "url": "https://opencollective.com/postcss/"
        },
        {
          "type": "tidelift",
          "url": "https://tidelift.com/funding/github/npm/postcss"
        }
      ],
      "peer": true,
      "dependencies": {
        "nanoid": "^3.3.1",
        "picocolors": "^1.0.0",
        "source-map-js": "^1.0.2"
      },
      "engines": {
        "node": "^10 || ^12 || >=14"
      }
    },
    "node_modules/postcss-scss": {
      "version": "4.0.3",
      "resolved": "https://registry.npmjs.org/postcss-scss/-/postcss-scss-4.0.3.tgz",
      "integrity": "sha512-j4KxzWovfdHsyxwl1BxkUal/O4uirvHgdzMKS1aWJBAV0qh2qj5qAZqpeBfVUYGWv+4iK9Az7SPyZ4fyNju1uA==",
      "engines": {
        "node": ">=12.0"
      },
      "funding": {
        "type": "opencollective",
        "url": "https://opencollective.com/postcss/"
      },
      "peerDependencies": {
        "postcss": "^8.3.3"
      }
    },
    "node_modules/prettier": {
      "version": "2.6.1",
      "resolved": "https://registry.npmjs.org/prettier/-/prettier-2.6.1.tgz",
      "integrity": "sha512-8UVbTBYGwN37Bs9LERmxCPjdvPxlEowx2urIL6urHzdb3SDq4B/Z6xLFCblrSnE4iKWcS6ziJ3aOYrc1kz/E2A==",
      "peer": true,
      "bin": {
        "prettier": "bin-prettier.js"
      },
      "engines": {
        "node": ">=10.13.0"
      },
      "funding": {
        "url": "https://github.com/prettier/prettier?sponsor=1"
      }
    },
    "node_modules/prettier-plugin-css-order": {
      "version": "1.1.0",
      "resolved": "https://registry.npmjs.org/prettier-plugin-css-order/-/prettier-plugin-css-order-1.1.0.tgz",
      "integrity": "sha512-TdAIAndk8jLZE/9yhs3V229Frzj+Ln/wYBJr9iTMLC1CnBnaKJZTcz3yHsLJ+XMmrTqwFOEu8sDu9z8YuOneHQ==",
      "dependencies": {
        "css-declaration-sorter": "^6.1.3",
        "postcss-scss": "^4.0.2",
        "sync-threads": "^1.0.1"
      },
      "engines": {
        "node": ">=14"
      },
      "peerDependencies": {
        "prettier": "2.x"
      }
    },
    "node_modules/source-map-js": {
      "version": "1.0.2",
      "resolved": "https://registry.npmjs.org/source-map-js/-/source-map-js-1.0.2.tgz",
      "integrity": "sha512-R0XvVJ9WusLiqTCEiGCmICCMplcCkIwwR11mOSD9CR5u+IXYdiseeEuXCVAjS54zqwkLcPNnmU4OeJ6tUrWhDw==",
      "peer": true,
      "engines": {
        "node": ">=0.10.0"
      }
    },
    "node_modules/sync-threads": {
      "version": "1.0.1",
      "resolved": "https://registry.npmjs.org/sync-threads/-/sync-threads-1.0.1.tgz",
      "integrity": "sha512-hIdwt/c/e1ONnr2RJmfBxEAj/J6KQQWKdToF3Qw8ZNRsTNNteGkOe63rQy9I7J5UNlr8Yl0wkzIr9wgLY94x0Q=="
    }
  },
  "dependencies": {
    "css-declaration-sorter": {
      "version": "6.2.2",
      "resolved": "https://registry.npmjs.org/css-declaration-sorter/-/css-declaration-sorter-6.2.2.tgz",
      "integrity": "sha512-Ufadglr88ZLsrvS11gjeu/40Lw74D9Am/Jpr3LlYm5Q4ZP5KdlUhG+6u2EjyXeZcxmZ2h1ebCKngDjolpeLHpg==",
      "requires": {}
    },
    "nanoid": {
      "version": "3.3.2",
      "resolved": "https://registry.npmjs.org/nanoid/-/nanoid-3.3.2.tgz",
      "integrity": "sha512-CuHBogktKwpm5g2sRgv83jEy2ijFzBwMoYA60orPDR7ynsLijJDqgsi4RDGj3OJpy3Ieb+LYwiRmIOGyytgITA==",
      "peer": true
    },
    "picocolors": {
      "version": "1.0.0",
      "resolved": "https://registry.npmjs.org/picocolors/-/picocolors-1.0.0.tgz",
      "integrity": "sha512-1fygroTLlHu66zi26VoTDv8yRgm0Fccecssto+MhsZ0D/DGW2sm8E8AjW7NU5VVTRt5GxbeZ5qBuJr+HyLYkjQ==",
      "peer": true
    },
    "postcss": {
      "version": "8.4.12",
      "resolved": "https://registry.npmjs.org/postcss/-/postcss-8.4.12.tgz",
      "integrity": "sha512-lg6eITwYe9v6Hr5CncVbK70SoioNQIq81nsaG86ev5hAidQvmOeETBqs7jm43K2F5/Ley3ytDtriImV6TpNiSg==",
      "peer": true,
      "requires": {
        "nanoid": "^3.3.1",
        "picocolors": "^1.0.0",
        "source-map-js": "^1.0.2"
      }
    },
    "postcss-scss": {
      "version": "4.0.3",
      "resolved": "https://registry.npmjs.org/postcss-scss/-/postcss-scss-4.0.3.tgz",
      "integrity": "sha512-j4KxzWovfdHsyxwl1BxkUal/O4uirvHgdzMKS1aWJBAV0qh2qj5qAZqpeBfVUYGWv+4iK9Az7SPyZ4fyNju1uA==",
      "requires": {}
    },
    "prettier": {
      "version": "2.6.1",
      "resolved": "https://registry.npmjs.org/prettier/-/prettier-2.6.1.tgz",
      "integrity": "sha512-8UVbTBYGwN37Bs9LERmxCPjdvPxlEowx2urIL6urHzdb3SDq4B/Z6xLFCblrSnE4iKWcS6ziJ3aOYrc1kz/E2A==",
      "peer": true
    },
    "prettier-plugin-css-order": {
      "version": "1.1.0",
      "resolved": "https://registry.npmjs.org/prettier-plugin-css-order/-/prettier-plugin-css-order-1.1.0.tgz",
      "integrity": "sha512-TdAIAndk8jLZE/9yhs3V229Frzj+Ln/wYBJr9iTMLC1CnBnaKJZTcz3yHsLJ+XMmrTqwFOEu8sDu9z8YuOneHQ==",
      "requires": {
        "css-declaration-sorter": "^6.1.3",
        "postcss-scss": "^4.0.2",
        "sync-threads": "^1.0.1"
      }
    },
    "source-map-js": {
      "version": "1.0.2",
      "resolved": "https://registry.npmjs.org/source-map-js/-/source-map-js-1.0.2.tgz",
      "integrity": "sha512-R0XvVJ9WusLiqTCEiGCmICCMplcCkIwwR11mOSD9CR5u+IXYdiseeEuXCVAjS54zqwkLcPNnmU4OeJ6tUrWhDw==",
      "peer": true
    },
    "sync-threads": {
      "version": "1.0.1",
      "resolved": "https://registry.npmjs.org/sync-threads/-/sync-threads-1.0.1.tgz",
      "integrity": "sha512-hIdwt/c/e1ONnr2RJmfBxEAj/J6KQQWKdToF3Qw8ZNRsTNNteGkOe63rQy9I7J5UNlr8Yl0wkzIr9wgLY94x0Q=="
    }
  }
}
